// !$*UTF8*$!
{
	archiveVersion = 1;
	classes = {
	};
	objectVersion = 77;
	objects = {

/* Begin PBXBuildFile section */
		6141D64D87F67FCF299223D8 /* Pods_Car_Dealer.framework in Frameworks */ = {isa = PBXBuildFile; fileRef = 0BAFB1CE90F64C30EA01F54C /* Pods_Car_Dealer.framework */; };
		6B1B65AB2CB5FB9800815AF3 /* AppDelegate.swift in Sources */ = {isa = PBXBuildFile; fileRef = 6B1B65AA2CB5FB9800815AF3 /* AppDelegate.swift */; };
		6B1B65AD2CB5FB9800815AF3 /* SceneDelegate.swift in Sources */ = {isa = PBXBuildFile; fileRef = 6B1B65AC2CB5FB9800815AF3 /* SceneDelegate.swift */; };
		6B1B65AF2CB5FB9800815AF3 /* MenuViewController.swift in Sources */ = {isa = PBXBuildFile; fileRef = 6B1B65AE2CB5FB9800815AF3 /* MenuViewController.swift */; };
		6B1B65B22CB5FB9800815AF3 /* Base in Resources */ = {isa = PBXBuildFile; fileRef = 6B1B65B12CB5FB9800815AF3 /* Base */; };
		6B1B65B52CB5FB9800815AF3 /* Car_Dealer.xcdatamodeld in Sources */ = {isa = PBXBuildFile; fileRef = 6B1B65B32CB5FB9800815AF3 /* Car_Dealer.xcdatamodeld */; };
		6B1B65B72CB5FB9A00815AF3 /* Assets.xcassets in Resources */ = {isa = PBXBuildFile; fileRef = 6B1B65B62CB5FB9A00815AF3 /* Assets.xcassets */; };
		6B1B65BA2CB5FB9A00815AF3 /* Base in Resources */ = {isa = PBXBuildFile; fileRef = 6B1B65B92CB5FB9A00815AF3 /* Base */; };
		6B1B65CB2CB6036700815AF3 /* Inter-Regular.ttf in Resources */ = {isa = PBXBuildFile; fileRef = 6B1B65C72CB6036700815AF3 /* Inter-Regular.ttf */; };
		6B1B65CC2CB6036700815AF3 /* Inter-Medium.ttf in Resources */ = {isa = PBXBuildFile; fileRef = 6B1B65C82CB6036700815AF3 /* Inter-Medium.ttf */; };
		6B1B65CD2CB6036700815AF3 /* Inter-Bold.ttf in Resources */ = {isa = PBXBuildFile; fileRef = 6B1B65C92CB6036700815AF3 /* Inter-Bold.ttf */; };
		6B1B65CE2CB6036700815AF3 /* Inter-SemiBold.ttf in Resources */ = {isa = PBXBuildFile; fileRef = 6B1B65CA2CB6036700815AF3 /* Inter-SemiBold.ttf */; };
		6B1B65D02CB6037500815AF3 /* Font.swift in Sources */ = {isa = PBXBuildFile; fileRef = 6B1B65CF2CB6037500815AF3 /* Font.swift */; };
		6B1B65D62CB6755300815AF3 /* MyCarsViewController.swift in Sources */ = {isa = PBXBuildFile; fileRef = 6B1B65D42CB6755300815AF3 /* MyCarsViewController.swift */; };
		6B1B65D72CB6755300815AF3 /* MyCarsViewController.xib in Resources */ = {isa = PBXBuildFile; fileRef = 6B1B65D52CB6755300815AF3 /* MyCarsViewController.xib */; };
		6B1B65D92CB6759100815AF3 /* ViewController.swift in Sources */ = {isa = PBXBuildFile; fileRef = 6B1B65D82CB6759100815AF3 /* ViewController.swift */; };
		6B1B65DB2CB6822700815AF3 /* gothampro_medium.ttf in Resources */ = {isa = PBXBuildFile; fileRef = 6B1B65DA2CB6822600815AF3 /* gothampro_medium.ttf */; };
		6B1B65DD2CB682CE00815AF3 /* ShadowView.swift in Sources */ = {isa = PBXBuildFile; fileRef = 6B1B65DC2CB682CE00815AF3 /* ShadowView.swift */; };
		6B1B65DF2CB682E500815AF3 /* UIView.swift in Sources */ = {isa = PBXBuildFile; fileRef = 6B1B65DE2CB682E500815AF3 /* UIView.swift */; };
		6B1B65E42CB6849900815AF3 /* AddCarViewController.swift in Sources */ = {isa = PBXBuildFile; fileRef = 6B1B65E22CB6849900815AF3 /* AddCarViewController.swift */; };
		6B1B65E52CB6849900815AF3 /* AddCarViewController.xib in Resources */ = {isa = PBXBuildFile; fileRef = 6B1B65E32CB6849900815AF3 /* AddCarViewController.xib */; };
		6B1B65E72CB6880F00815AF3 /* TitleLabel.swift in Sources */ = {isa = PBXBuildFile; fileRef = 6B1B65E62CB6880F00815AF3 /* TitleLabel.swift */; };
		6B1B65E92CB6889700815AF3 /* BaseTextField.swift in Sources */ = {isa = PBXBuildFile; fileRef = 6B1B65E82CB6889700815AF3 /* BaseTextField.swift */; };
		6B1B65EB2CB6910300815AF3 /* BaseButton.swift in Sources */ = {isa = PBXBuildFile; fileRef = 6B1B65EA2CB6910300815AF3 /* BaseButton.swift */; };
		6B1B65EE2CB6939C00815AF3 /* CarModel.swift in Sources */ = {isa = PBXBuildFile; fileRef = 6B1B65ED2CB6939C00815AF3 /* CarModel.swift */; };
		6B1B65F12CB69A4500815AF3 /* AddCarViewModel.swift in Sources */ = {isa = PBXBuildFile; fileRef = 6B1B65F02CB69A4500815AF3 /* AddCarViewModel.swift */; };
		6B1B65F32CB69BB500815AF3 /* String.swift in Sources */ = {isa = PBXBuildFile; fileRef = 6B1B65F22CB69BB500815AF3 /* String.swift */; };
		6B1B65F62CB6A08500815AF3 /* CoreDataManager.swift in Sources */ = {isa = PBXBuildFile; fileRef = 6B1B65F52CB6A08500815AF3 /* CoreDataManager.swift */; };
		6B1B65F82CB6A5F600815AF3 /* PriceTextField.swift in Sources */ = {isa = PBXBuildFile; fileRef = 6B1B65F72CB6A5F600815AF3 /* PriceTextField.swift */; };
		6B1B65FC2CB6D78600815AF3 /* CarTableViewCell.swift in Sources */ = {isa = PBXBuildFile; fileRef = 6B1B65FA2CB6D78600815AF3 /* CarTableViewCell.swift */; };
		6B1B65FD2CB6D78600815AF3 /* CarTableViewCell.xib in Resources */ = {isa = PBXBuildFile; fileRef = 6B1B65FB2CB6D78600815AF3 /* CarTableViewCell.xib */; };
		6B1B65FF2CB6DF3B00815AF3 /* Double.swift in Sources */ = {isa = PBXBuildFile; fileRef = 6B1B65FE2CB6DF3B00815AF3 /* Double.swift */; };
		6B1B66032CB6F4A600815AF3 /* MyCarsViewModel.swift in Sources */ = {isa = PBXBuildFile; fileRef = 6B1B66022CB6F4A600815AF3 /* MyCarsViewModel.swift */; };
		6B1B66082CB70E0F00815AF3 /* SaleCarViewController.swift in Sources */ = {isa = PBXBuildFile; fileRef = 6B1B66062CB70E0F00815AF3 /* SaleCarViewController.swift */; };
		6B1B66092CB70E0F00815AF3 /* SaleCarViewController.xib in Resources */ = {isa = PBXBuildFile; fileRef = 6B1B66072CB70E0F00815AF3 /* SaleCarViewController.xib */; };
		6B1B660C2CB70F9100815AF3 /* SaleCarViewModel.swift in Sources */ = {isa = PBXBuildFile; fileRef = 6B1B660B2CB70F9100815AF3 /* SaleCarViewModel.swift */; };
		6B2654272DD4892600F2C6F4 /* RootViewController.swift in Sources */ = {isa = PBXBuildFile; fileRef = 6B2654262DD4892600F2C6F4 /* RootViewController.swift */; };
		6B8C53CA2CB7E882002557E3 /* SettingsViewController.swift in Sources */ = {isa = PBXBuildFile; fileRef = 6B8C53C82CB7E882002557E3 /* SettingsViewController.swift */; };
		6B8C53CB2CB7E882002557E3 /* SettingsViewController.xib in Resources */ = {isa = PBXBuildFile; fileRef = 6B8C53C92CB7E882002557E3 /* SettingsViewController.xib */; };
		6BC639552CB71FB400ECEAA4 /* CarViewController.swift in Sources */ = {isa = PBXBuildFile; fileRef = 6BC639532CB71FB400ECEAA4 /* CarViewController.swift */; };
		6BC639562CB71FB400ECEAA4 /* CarViewController.xib in Resources */ = {isa = PBXBuildFile; fileRef = 6BC639542CB71FB400ECEAA4 /* CarViewController.xib */; };
		6BC639592CB73CAD00ECEAA4 /* CarViewModel.swift in Sources */ = {isa = PBXBuildFile; fileRef = 6BC639582CB73CAD00ECEAA4 /* CarViewModel.swift */; };
		6BC6395D2CB7504B00ECEAA4 /* ExpensesTableViewCell.swift in Sources */ = {isa = PBXBuildFile; fileRef = 6BC6395B2CB7504B00ECEAA4 /* ExpensesTableViewCell.swift */; };
		6BC6395E2CB7504B00ECEAA4 /* ExpensesTableViewCell.xib in Resources */ = {isa = PBXBuildFile; fileRef = 6BC6395C2CB7504B00ECEAA4 /* ExpensesTableViewCell.xib */; };
		6BC639602CB766BB00ECEAA4 /* PaddingTextField.swift in Sources */ = {isa = PBXBuildFile; fileRef = 6BC6395F2CB766BB00ECEAA4 /* PaddingTextField.swift */; };
		6BC6396D2CB79C5000ECEAA4 /* ReportsViewController.swift in Sources */ = {isa = PBXBuildFile; fileRef = 6BC6396B2CB79C5000ECEAA4 /* ReportsViewController.swift */; };
		6BC6396E2CB79C5000ECEAA4 /* ReportsViewController.xib in Resources */ = {isa = PBXBuildFile; fileRef = 6BC6396C2CB79C5000ECEAA4 /* ReportsViewController.xib */; };
		6BC639712CB7C7C000ECEAA4 /* ReportsViewModel.swift in Sources */ = {isa = PBXBuildFile; fileRef = 6BC639702CB7C7C000ECEAA4 /* ReportsViewModel.swift */; };
		6BC639742CB7C81100ECEAA4 /* ReportsModel.swift in Sources */ = {isa = PBXBuildFile; fileRef = 6BC639732CB7C81100ECEAA4 /* ReportsModel.swift */; };
		6BC639762CB7D9EA00ECEAA4 /* Date.swift in Sources */ = {isa = PBXBuildFile; fileRef = 6BC639752CB7D9EA00ECEAA4 /* Date.swift */; };
/* End PBXBuildFile section */

/* Begin PBXFileReference section */
		0BAFB1CE90F64C30EA01F54C /* Pods_Car_Dealer.framework */ = {isa = PBXFileReference; explicitFileType = wrapper.framework; includeInIndex = 0; path = Pods_Car_Dealer.framework; sourceTree = BUILT_PRODUCTS_DIR; };
		6ACA2CF4942C2AC2F7695A45 /* Pods-Car_Dealer.debug.xcconfig */ = {isa = PBXFileReference; includeInIndex = 1; lastKnownFileType = text.xcconfig; name = "Pods-Car_Dealer.debug.xcconfig"; path = "Target Support Files/Pods-Car_Dealer/Pods-Car_Dealer.debug.xcconfig"; sourceTree = "<group>"; };
		6B1B65A72CB5FB9800815AF3 /* Car_Dealer.app */ = {isa = PBXFileReference; explicitFileType = wrapper.application; includeInIndex = 0; path = Car_Dealer.app; sourceTree = BUILT_PRODUCTS_DIR; };
		6B1B65AA2CB5FB9800815AF3 /* AppDelegate.swift */ = {isa = PBXFileReference; lastKnownFileType = sourcecode.swift; path = AppDelegate.swift; sourceTree = "<group>"; };
		6B1B65AC2CB5FB9800815AF3 /* SceneDelegate.swift */ = {isa = PBXFileReference; lastKnownFileType = sourcecode.swift; path = SceneDelegate.swift; sourceTree = "<group>"; };
		6B1B65AE2CB5FB9800815AF3 /* MenuViewController.swift */ = {isa = PBXFileReference; lastKnownFileType = sourcecode.swift; path = MenuViewController.swift; sourceTree = "<group>"; };
		6B1B65B12CB5FB9800815AF3 /* Base */ = {isa = PBXFileReference; lastKnownFileType = file.storyboard; name = Base; path = Base.lproj/Menu.storyboard; sourceTree = "<group>"; };
		6B1B65B42CB5FB9800815AF3 /* Car_Dealer.xcdatamodel */ = {isa = PBXFileReference; lastKnownFileType = wrapper.xcdatamodel; path = Car_Dealer.xcdatamodel; sourceTree = "<group>"; };
		6B1B65B62CB5FB9A00815AF3 /* Assets.xcassets */ = {isa = PBXFileReference; lastKnownFileType = folder.assetcatalog; path = Assets.xcassets; sourceTree = "<group>"; };
		6B1B65B92CB5FB9A00815AF3 /* Base */ = {isa = PBXFileReference; lastKnownFileType = file.storyboard; name = Base; path = Base.lproj/LaunchScreen.storyboard; sourceTree = "<group>"; };
		6B1B65BB2CB5FB9A00815AF3 /* Info.plist */ = {isa = PBXFileReference; lastKnownFileType = text.plist.xml; path = Info.plist; sourceTree = "<group>"; };
		6B1B65C72CB6036700815AF3 /* Inter-Regular.ttf */ = {isa = PBXFileReference; lastKnownFileType = file; path = "Inter-Regular.ttf"; sourceTree = "<group>"; };
		6B1B65C82CB6036700815AF3 /* Inter-Medium.ttf */ = {isa = PBXFileReference; lastKnownFileType = file; path = "Inter-Medium.ttf"; sourceTree = "<group>"; };
		6B1B65C92CB6036700815AF3 /* Inter-Bold.ttf */ = {isa = PBXFileReference; lastKnownFileType = file; path = "Inter-Bold.ttf"; sourceTree = "<group>"; };
		6B1B65CA2CB6036700815AF3 /* Inter-SemiBold.ttf */ = {isa = PBXFileReference; lastKnownFileType = file; path = "Inter-SemiBold.ttf"; sourceTree = "<group>"; };
		6B1B65CF2CB6037500815AF3 /* Font.swift */ = {isa = PBXFileReference; lastKnownFileType = sourcecode.swift; path = Font.swift; sourceTree = "<group>"; };
		6B1B65D42CB6755300815AF3 /* MyCarsViewController.swift */ = {isa = PBXFileReference; lastKnownFileType = sourcecode.swift; path = MyCarsViewController.swift; sourceTree = "<group>"; };
		6B1B65D52CB6755300815AF3 /* MyCarsViewController.xib */ = {isa = PBXFileReference; lastKnownFileType = file.xib; path = MyCarsViewController.xib; sourceTree = "<group>"; };
		6B1B65D82CB6759100815AF3 /* ViewController.swift */ = {isa = PBXFileReference; lastKnownFileType = sourcecode.swift; path = ViewController.swift; sourceTree = "<group>"; };
		6B1B65DA2CB6822600815AF3 /* gothampro_medium.ttf */ = {isa = PBXFileReference; lastKnownFileType = file; path = gothampro_medium.ttf; sourceTree = "<group>"; };
		6B1B65DC2CB682CE00815AF3 /* ShadowView.swift */ = {isa = PBXFileReference; lastKnownFileType = sourcecode.swift; path = ShadowView.swift; sourceTree = "<group>"; };
		6B1B65DE2CB682E500815AF3 /* UIView.swift */ = {isa = PBXFileReference; lastKnownFileType = sourcecode.swift; path = UIView.swift; sourceTree = "<group>"; };
		6B1B65E22CB6849900815AF3 /* AddCarViewController.swift */ = {isa = PBXFileReference; lastKnownFileType = sourcecode.swift; path = AddCarViewController.swift; sourceTree = "<group>"; };
		6B1B65E32CB6849900815AF3 /* AddCarViewController.xib */ = {isa = PBXFileReference; lastKnownFileType = file.xib; path = AddCarViewController.xib; sourceTree = "<group>"; };
		6B1B65E62CB6880F00815AF3 /* TitleLabel.swift */ = {isa = PBXFileReference; lastKnownFileType = sourcecode.swift; path = TitleLabel.swift; sourceTree = "<group>"; };
		6B1B65E82CB6889700815AF3 /* BaseTextField.swift */ = {isa = PBXFileReference; lastKnownFileType = sourcecode.swift; path = BaseTextField.swift; sourceTree = "<group>"; };
		6B1B65EA2CB6910300815AF3 /* BaseButton.swift */ = {isa = PBXFileReference; lastKnownFileType = sourcecode.swift; path = BaseButton.swift; sourceTree = "<group>"; };
		6B1B65ED2CB6939C00815AF3 /* CarModel.swift */ = {isa = PBXFileReference; lastKnownFileType = sourcecode.swift; path = CarModel.swift; sourceTree = "<group>"; };
		6B1B65F02CB69A4500815AF3 /* AddCarViewModel.swift */ = {isa = PBXFileReference; lastKnownFileType = sourcecode.swift; path = AddCarViewModel.swift; sourceTree = "<group>"; };
		6B1B65F22CB69BB500815AF3 /* String.swift */ = {isa = PBXFileReference; lastKnownFileType = sourcecode.swift; path = String.swift; sourceTree = "<group>"; };
		6B1B65F52CB6A08500815AF3 /* CoreDataManager.swift */ = {isa = PBXFileReference; lastKnownFileType = sourcecode.swift; path = CoreDataManager.swift; sourceTree = "<group>"; };
		6B1B65F72CB6A5F600815AF3 /* PriceTextField.swift */ = {isa = PBXFileReference; lastKnownFileType = sourcecode.swift; path = PriceTextField.swift; sourceTree = "<group>"; };
		6B1B65FA2CB6D78600815AF3 /* CarTableViewCell.swift */ = {isa = PBXFileReference; lastKnownFileType = sourcecode.swift; path = CarTableViewCell.swift; sourceTree = "<group>"; };
		6B1B65FB2CB6D78600815AF3 /* CarTableViewCell.xib */ = {isa = PBXFileReference; lastKnownFileType = file.xib; path = CarTableViewCell.xib; sourceTree = "<group>"; };
		6B1B65FE2CB6DF3B00815AF3 /* Double.swift */ = {isa = PBXFileReference; lastKnownFileType = sourcecode.swift; path = Double.swift; sourceTree = "<group>"; };
		6B1B66022CB6F4A600815AF3 /* MyCarsViewModel.swift */ = {isa = PBXFileReference; lastKnownFileType = sourcecode.swift; path = MyCarsViewModel.swift; sourceTree = "<group>"; };
		6B1B66062CB70E0F00815AF3 /* SaleCarViewController.swift */ = {isa = PBXFileReference; lastKnownFileType = sourcecode.swift; path = SaleCarViewController.swift; sourceTree = "<group>"; };
		6B1B66072CB70E0F00815AF3 /* SaleCarViewController.xib */ = {isa = PBXFileReference; lastKnownFileType = file.xib; path = SaleCarViewController.xib; sourceTree = "<group>"; };
		6B1B660B2CB70F9100815AF3 /* SaleCarViewModel.swift */ = {isa = PBXFileReference; lastKnownFileType = sourcecode.swift; path = SaleCarViewModel.swift; sourceTree = "<group>"; };
		6B2654262DD4892600F2C6F4 /* RootViewController.swift */ = {isa = PBXFileReference; lastKnownFileType = sourcecode.swift; path = RootViewController.swift; sourceTree = "<group>"; };
		6B8C53C82CB7E882002557E3 /* SettingsViewController.swift */ = {isa = PBXFileReference; lastKnownFileType = sourcecode.swift; path = SettingsViewController.swift; sourceTree = "<group>"; };
		6B8C53C92CB7E882002557E3 /* SettingsViewController.xib */ = {isa = PBXFileReference; lastKnownFileType = file.xib; path = SettingsViewController.xib; sourceTree = "<group>"; };
		6BC639532CB71FB400ECEAA4 /* CarViewController.swift */ = {isa = PBXFileReference; lastKnownFileType = sourcecode.swift; path = CarViewController.swift; sourceTree = "<group>"; };
		6BC639542CB71FB400ECEAA4 /* CarViewController.xib */ = {isa = PBXFileReference; lastKnownFileType = file.xib; path = CarViewController.xib; sourceTree = "<group>"; };
		6BC639582CB73CAD00ECEAA4 /* CarViewModel.swift */ = {isa = PBXFileReference; lastKnownFileType = sourcecode.swift; path = CarViewModel.swift; sourceTree = "<group>"; };
		6BC6395B2CB7504B00ECEAA4 /* ExpensesTableViewCell.swift */ = {isa = PBXFileReference; lastKnownFileType = sourcecode.swift; path = ExpensesTableViewCell.swift; sourceTree = "<group>"; };
		6BC6395C2CB7504B00ECEAA4 /* ExpensesTableViewCell.xib */ = {isa = PBXFileReference; lastKnownFileType = file.xib; path = ExpensesTableViewCell.xib; sourceTree = "<group>"; };
		6BC6395F2CB766BB00ECEAA4 /* PaddingTextField.swift */ = {isa = PBXFileReference; lastKnownFileType = sourcecode.swift; path = PaddingTextField.swift; sourceTree = "<group>"; };
		6BC6396B2CB79C5000ECEAA4 /* ReportsViewController.swift */ = {isa = PBXFileReference; lastKnownFileType = sourcecode.swift; path = ReportsViewController.swift; sourceTree = "<group>"; };
		6BC6396C2CB79C5000ECEAA4 /* ReportsViewController.xib */ = {isa = PBXFileReference; lastKnownFileType = file.xib; path = ReportsViewController.xib; sourceTree = "<group>"; };
		6BC639702CB7C7C000ECEAA4 /* ReportsViewModel.swift */ = {isa = PBXFileReference; lastKnownFileType = sourcecode.swift; path = ReportsViewModel.swift; sourceTree = "<group>"; };
		6BC639732CB7C81100ECEAA4 /* ReportsModel.swift */ = {isa = PBXFileReference; lastKnownFileType = sourcecode.swift; path = ReportsModel.swift; sourceTree = "<group>"; };
		6BC639752CB7D9EA00ECEAA4 /* Date.swift */ = {isa = PBXFileReference; lastKnownFileType = sourcecode.swift; path = Date.swift; sourceTree = "<group>"; };
		F998576345B2AC27A783C9B6 /* Pods-Car_Dealer.release.xcconfig */ = {isa = PBXFileReference; includeInIndex = 1; lastKnownFileType = text.xcconfig; name = "Pods-Car_Dealer.release.xcconfig"; path = "Target Support Files/Pods-Car_Dealer/Pods-Car_Dealer.release.xcconfig"; sourceTree = "<group>"; };
/* End PBXFileReference section */

/* Begin PBXFrameworksBuildPhase section */
		6B1B65A42CB5FB9800815AF3 /* Frameworks */ = {
			isa = PBXFrameworksBuildPhase;
			buildActionMask = 2147483647;
			files = (
				6141D64D87F67FCF299223D8 /* Pods_Car_Dealer.framework in Frameworks */,
			);
			runOnlyForDeploymentPostprocessing = 0;
		};
/* End PBXFrameworksBuildPhase section */

/* Begin PBXGroup section */
		6B1B659E2CB5FB9800815AF3 = {
			isa = PBXGroup;
			children = (
				6B1B65A92CB5FB9800815AF3 /* Car_Dealer */,
				6B1B65A82CB5FB9800815AF3 /* Products */,
				7E61CE567AFB532410C683A8 /* Pods */,
				A84ACC7EA8CAF6A001AFF25F /* Frameworks */,
			);
			sourceTree = "<group>";
		};
		6B1B65A82CB5FB9800815AF3 /* Products */ = {
			isa = PBXGroup;
			children = (
				6B1B65A72CB5FB9800815AF3 /* Car_Dealer.app */,
			);
			name = Products;
			sourceTree = "<group>";
		};
		6B1B65A92CB5FB9800815AF3 /* Car_Dealer */ = {
			isa = PBXGroup;
			children = (
				6B8C53C72CB7E874002557E3 /* Settings */,
				6BC639692CB79C2E00ECEAA4 /* Reports */,
				6BC639512CB71FA500ECEAA4 /* Car */,
				6B1B66042CB70DF400815AF3 /* SaleCar */,
				6B1B65F42CB6A06F00815AF3 /* CoreData */,
				6B1B65E02CB6848100815AF3 /* AddCar */,
				6B1B65D22CB6750E00815AF3 /* MyCars */,
				6B1B65D12CB6748E00815AF3 /* Menu */,
				6B1B65C12CB6021F00815AF3 /* Extensions */,
				6B1B65AA2CB5FB9800815AF3 /* AppDelegate.swift */,
				6B1B65AC2CB5FB9800815AF3 /* SceneDelegate.swift */,
				6B1B65B62CB5FB9A00815AF3 /* Assets.xcassets */,
				6B1B65B82CB5FB9A00815AF3 /* LaunchScreen.storyboard */,
				6B1B65BB2CB5FB9A00815AF3 /* Info.plist */,
				6B1B65B32CB5FB9800815AF3 /* Car_Dealer.xcdatamodeld */,
			);
			path = Car_Dealer;
			sourceTree = "<group>";
		};
		6B1B65C12CB6021F00815AF3 /* Extensions */ = {
			isa = PBXGroup;
			children = (
				6B1B65C22CB6022600815AF3 /* Font */,
				6B1B65D82CB6759100815AF3 /* ViewController.swift */,
				6B1B65EA2CB6910300815AF3 /* BaseButton.swift */,
				6B1B65F72CB6A5F600815AF3 /* PriceTextField.swift */,
				6B1B65DC2CB682CE00815AF3 /* ShadowView.swift */,
				6B1B65FE2CB6DF3B00815AF3 /* Double.swift */,
				6BC639752CB7D9EA00ECEAA4 /* Date.swift */,
				6B1B65DE2CB682E500815AF3 /* UIView.swift */,
				6B1B65E62CB6880F00815AF3 /* TitleLabel.swift */,
				6B1B65E82CB6889700815AF3 /* BaseTextField.swift */,
				6BC6395F2CB766BB00ECEAA4 /* PaddingTextField.swift */,
				6B1B65F22CB69BB500815AF3 /* String.swift */,
			);
			path = Extensions;
			sourceTree = "<group>";
		};
		6B1B65C22CB6022600815AF3 /* Font */ = {
			isa = PBXGroup;
			children = (
				6B1B65C92CB6036700815AF3 /* Inter-Bold.ttf */,
				6B1B65C82CB6036700815AF3 /* Inter-Medium.ttf */,
				6B1B65C72CB6036700815AF3 /* Inter-Regular.ttf */,
				6B1B65CA2CB6036700815AF3 /* Inter-SemiBold.ttf */,
				6B1B65DA2CB6822600815AF3 /* gothampro_medium.ttf */,
				6B1B65CF2CB6037500815AF3 /* Font.swift */,
			);
			path = Font;
			sourceTree = "<group>";
		};
		6B1B65D12CB6748E00815AF3 /* Menu */ = {
			isa = PBXGroup;
			children = (
				6B1B65AE2CB5FB9800815AF3 /* MenuViewController.swift */,
				6B1B65B02CB5FB9800815AF3 /* Menu.storyboard */,
				6B2654262DD4892600F2C6F4 /* RootViewController.swift */,
			);
			path = Menu;
			sourceTree = "<group>";
		};
		6B1B65D22CB6750E00815AF3 /* MyCars */ = {
			isa = PBXGroup;
			children = (
				6B1B66002CB6F48900815AF3 /* ViewModel */,
				6B1B65F92CB6D76E00815AF3 /* Cell */,
				6B1B65D32CB6754600815AF3 /* View */,
			);
			path = MyCars;
			sourceTree = "<group>";
		};
		6B1B65D32CB6754600815AF3 /* View */ = {
			isa = PBXGroup;
			children = (
				6B1B65D42CB6755300815AF3 /* MyCarsViewController.swift */,
				6B1B65D52CB6755300815AF3 /* MyCarsViewController.xib */,
			);
			path = View;
			sourceTree = "<group>";
		};
		6B1B65E02CB6848100815AF3 /* AddCar */ = {
			isa = PBXGroup;
			children = (
				6B1B65EF2CB69A3500815AF3 /* ViewModel */,
				6B1B65EC2CB6938C00815AF3 /* Model */,
				6B1B65E12CB6848D00815AF3 /* View */,
			);
			path = AddCar;
			sourceTree = "<group>";
		};
		6B1B65E12CB6848D00815AF3 /* View */ = {
			isa = PBXGroup;
			children = (
				6B1B65E22CB6849900815AF3 /* AddCarViewController.swift */,
				6B1B65E32CB6849900815AF3 /* AddCarViewController.xib */,
			);
			path = View;
			sourceTree = "<group>";
		};
		6B1B65EC2CB6938C00815AF3 /* Model */ = {
			isa = PBXGroup;
			children = (
				6B1B65ED2CB6939C00815AF3 /* CarModel.swift */,
			);
			path = Model;
			sourceTree = "<group>";
		};
		6B1B65EF2CB69A3500815AF3 /* ViewModel */ = {
			isa = PBXGroup;
			children = (
				6B1B65F02CB69A4500815AF3 /* AddCarViewModel.swift */,
			);
			path = ViewModel;
			sourceTree = "<group>";
		};
		6B1B65F42CB6A06F00815AF3 /* CoreData */ = {
			isa = PBXGroup;
			children = (
				6B1B65F52CB6A08500815AF3 /* CoreDataManager.swift */,
			);
			path = CoreData;
			sourceTree = "<group>";
		};
		6B1B65F92CB6D76E00815AF3 /* Cell */ = {
			isa = PBXGroup;
			children = (
				6B1B65FA2CB6D78600815AF3 /* CarTableViewCell.swift */,
				6B1B65FB2CB6D78600815AF3 /* CarTableViewCell.xib */,
			);
			path = Cell;
			sourceTree = "<group>";
		};
		6B1B66002CB6F48900815AF3 /* ViewModel */ = {
			isa = PBXGroup;
			children = (
				6B1B66022CB6F4A600815AF3 /* MyCarsViewModel.swift */,
			);
			path = ViewModel;
			sourceTree = "<group>";
		};
		6B1B66042CB70DF400815AF3 /* SaleCar */ = {
			isa = PBXGroup;
			children = (
				6B1B660A2CB70F8500815AF3 /* ViewModel */,
				6B1B66052CB70DFB00815AF3 /* View */,
			);
			path = SaleCar;
			sourceTree = "<group>";
		};
		6B1B66052CB70DFB00815AF3 /* View */ = {
			isa = PBXGroup;
			children = (
				6B1B66062CB70E0F00815AF3 /* SaleCarViewController.swift */,
				6B1B66072CB70E0F00815AF3 /* SaleCarViewController.xib */,
			);
			path = View;
			sourceTree = "<group>";
		};
		6B1B660A2CB70F8500815AF3 /* ViewModel */ = {
			isa = PBXGroup;
			children = (
				6B1B660B2CB70F9100815AF3 /* SaleCarViewModel.swift */,
			);
			path = ViewModel;
			sourceTree = "<group>";
		};
		6B8C53C72CB7E874002557E3 /* Settings */ = {
			isa = PBXGroup;
			children = (
				6B8C53C82CB7E882002557E3 /* SettingsViewController.swift */,
				6B8C53C92CB7E882002557E3 /* SettingsViewController.xib */,
			);
			path = Settings;
			sourceTree = "<group>";
		};
		6BC639512CB71FA500ECEAA4 /* Car */ = {
			isa = PBXGroup;
			children = (
				6BC6395A2CB7503700ECEAA4 /* Cell */,
				6BC639572CB73C9E00ECEAA4 /* ViewModel */,
				6BC639522CB71FAB00ECEAA4 /* View */,
			);
			path = Car;
			sourceTree = "<group>";
		};
		6BC639522CB71FAB00ECEAA4 /* View */ = {
			isa = PBXGroup;
			children = (
				6BC639532CB71FB400ECEAA4 /* CarViewController.swift */,
				6BC639542CB71FB400ECEAA4 /* CarViewController.xib */,
			);
			path = View;
			sourceTree = "<group>";
		};
		6BC639572CB73C9E00ECEAA4 /* ViewModel */ = {
			isa = PBXGroup;
			children = (
				6BC639582CB73CAD00ECEAA4 /* CarViewModel.swift */,
			);
			path = ViewModel;
			sourceTree = "<group>";
		};
		6BC6395A2CB7503700ECEAA4 /* Cell */ = {
			isa = PBXGroup;
			children = (
				6BC6395B2CB7504B00ECEAA4 /* ExpensesTableViewCell.swift */,
				6BC6395C2CB7504B00ECEAA4 /* ExpensesTableViewCell.xib */,
			);
			path = Cell;
			sourceTree = "<group>";
		};
		6BC639692CB79C2E00ECEAA4 /* Reports */ = {
			isa = PBXGroup;
			children = (
				6BC639722CB7C80000ECEAA4 /* Model */,
				6BC6396F2CB7C14600ECEAA4 /* ViewModel */,
				6BC6396A2CB79C3900ECEAA4 /* View */,
			);
			path = Reports;
			sourceTree = "<group>";
		};
		6BC6396A2CB79C3900ECEAA4 /* View */ = {
			isa = PBXGroup;
			children = (
				6BC6396B2CB79C5000ECEAA4 /* ReportsViewController.swift */,
				6BC6396C2CB79C5000ECEAA4 /* ReportsViewController.xib */,
			);
			path = View;
			sourceTree = "<group>";
		};
		6BC6396F2CB7C14600ECEAA4 /* ViewModel */ = {
			isa = PBXGroup;
			children = (
				6BC639702CB7C7C000ECEAA4 /* ReportsViewModel.swift */,
			);
			path = ViewModel;
			sourceTree = "<group>";
		};
		6BC639722CB7C80000ECEAA4 /* Model */ = {
			isa = PBXGroup;
			children = (
				6BC639732CB7C81100ECEAA4 /* ReportsModel.swift */,
			);
			path = Model;
			sourceTree = "<group>";
		};
		7E61CE567AFB532410C683A8 /* Pods */ = {
			isa = PBXGroup;
			children = (
				6ACA2CF4942C2AC2F7695A45 /* Pods-Car_Dealer.debug.xcconfig */,
				F998576345B2AC27A783C9B6 /* Pods-Car_Dealer.release.xcconfig */,
			);
			path = Pods;
			sourceTree = "<group>";
		};
		A84ACC7EA8CAF6A001AFF25F /* Frameworks */ = {
			isa = PBXGroup;
			children = (
				0BAFB1CE90F64C30EA01F54C /* Pods_Car_Dealer.framework */,
			);
			name = Frameworks;
			sourceTree = "<group>";
		};
/* End PBXGroup section */

/* Begin PBXNativeTarget section */
		6B1B65A62CB5FB9800815AF3 /* Car_Dealer */ = {
			isa = PBXNativeTarget;
			buildConfigurationList = 6B1B65BE2CB5FB9A00815AF3 /* Build configuration list for PBXNativeTarget "Car_Dealer" */;
			buildPhases = (
				8D809981DE6779617A1EB9D0 /* [CP] Check Pods Manifest.lock */,
				6B1B65A32CB5FB9800815AF3 /* Sources */,
				6B1B65A42CB5FB9800815AF3 /* Frameworks */,
				6B1B65A52CB5FB9800815AF3 /* Resources */,
				331F7349BDCAB570695D86B0 /* [CP] Embed Pods Frameworks */,
			);
			buildRules = (
			);
			dependencies = (
			);
			name = Car_Dealer;
			productName = Car_Dealer;
			productReference = 6B1B65A72CB5FB9800815AF3 /* Car_Dealer.app */;
			productType = "com.apple.product-type.application";
		};
/* End PBXNativeTarget section */

/* Begin PBXProject section */
		6B1B659F2CB5FB9800815AF3 /* Project object */ = {
			isa = PBXProject;
			attributes = {
				BuildIndependentTargetsInParallel = 1;
				LastSwiftUpdateCheck = 1540;
				LastUpgradeCheck = 1540;
				TargetAttributes = {
					6B1B65A62CB5FB9800815AF3 = {
						CreatedOnToolsVersion = 15.4;
					};
				};
			};
			buildConfigurationList = 6B1B65A22CB5FB9800815AF3 /* Build configuration list for PBXProject "Car_Dealer" */;
			developmentRegion = en;
			hasScannedForEncodings = 0;
			knownRegions = (
				en,
				Base,
			);
			mainGroup = 6B1B659E2CB5FB9800815AF3;
			preferredProjectObjectVersion = 77;
			productRefGroup = 6B1B65A82CB5FB9800815AF3 /* Products */;
			projectDirPath = "";
			projectRoot = "";
			targets = (
				6B1B65A62CB5FB9800815AF3 /* Car_Dealer */,
			);
		};
/* End PBXProject section */

/* Begin PBXResourcesBuildPhase section */
		6B1B65A52CB5FB9800815AF3 /* Resources */ = {
			isa = PBXResourcesBuildPhase;
			buildActionMask = 2147483647;
			files = (
				6B1B65CD2CB6036700815AF3 /* Inter-Bold.ttf in Resources */,
				6B1B65E52CB6849900815AF3 /* AddCarViewController.xib in Resources */,
				6BC6396E2CB79C5000ECEAA4 /* ReportsViewController.xib in Resources */,
				6B1B65B72CB5FB9A00815AF3 /* Assets.xcassets in Resources */,
				6B1B65BA2CB5FB9A00815AF3 /* Base in Resources */,
				6BC6395E2CB7504B00ECEAA4 /* ExpensesTableViewCell.xib in Resources */,
				6B1B65DB2CB6822700815AF3 /* gothampro_medium.ttf in Resources */,
				6B1B65CB2CB6036700815AF3 /* Inter-Regular.ttf in Resources */,
				6B1B65FD2CB6D78600815AF3 /* CarTableViewCell.xib in Resources */,
				6B1B65CC2CB6036700815AF3 /* Inter-Medium.ttf in Resources */,
				6BC639562CB71FB400ECEAA4 /* CarViewController.xib in Resources */,
				6B8C53CB2CB7E882002557E3 /* SettingsViewController.xib in Resources */,
				6B1B66092CB70E0F00815AF3 /* SaleCarViewController.xib in Resources */,
				6B1B65B22CB5FB9800815AF3 /* Base in Resources */,
				6B1B65CE2CB6036700815AF3 /* Inter-SemiBold.ttf in Resources */,
				6B1B65D72CB6755300815AF3 /* MyCarsViewController.xib in Resources */,
			);
			runOnlyForDeploymentPostprocessing = 0;
		};
/* End PBXResourcesBuildPhase section */

/* Begin PBXShellScriptBuildPhase section */
		331F7349BDCAB570695D86B0 /* [CP] Embed Pods Frameworks */ = {
			isa = PBXShellScriptBuildPhase;
			buildActionMask = 2147483647;
			files = (
			);
			inputFileListPaths = (
				"${PODS_ROOT}/Target Support Files/Pods-Car_Dealer/Pods-Car_Dealer-frameworks-${CONFIGURATION}-input-files.xcfilelist",
			);
			name = "[CP] Embed Pods Frameworks";
			outputFileListPaths = (
				"${PODS_ROOT}/Target Support Files/Pods-Car_Dealer/Pods-Car_Dealer-frameworks-${CONFIGURATION}-output-files.xcfilelist",
			);
			runOnlyForDeploymentPostprocessing = 0;
			shellPath = /bin/sh;
			shellScript = "\"${PODS_ROOT}/Target Support Files/Pods-Car_Dealer/Pods-Car_Dealer-frameworks.sh\"\n";
			showEnvVarsInLog = 0;
		};
		8D809981DE6779617A1EB9D0 /* [CP] Check Pods Manifest.lock */ = {
			isa = PBXShellScriptBuildPhase;
			buildActionMask = 2147483647;
			files = (
			);
			inputFileListPaths = (
			);
			inputPaths = (
				"${PODS_PODFILE_DIR_PATH}/Podfile.lock",
				"${PODS_ROOT}/Manifest.lock",
			);
			name = "[CP] Check Pods Manifest.lock";
			outputFileListPaths = (
			);
			outputPaths = (
				"$(DERIVED_FILE_DIR)/Pods-Car_Dealer-checkManifestLockResult.txt",
			);
			runOnlyForDeploymentPostprocessing = 0;
			shellPath = /bin/sh;
			shellScript = "diff \"${PODS_PODFILE_DIR_PATH}/Podfile.lock\" \"${PODS_ROOT}/Manifest.lock\" > /dev/null\nif [ $? != 0 ] ; then\n    # print error to STDERR\n    echo \"error: The sandbox is not in sync with the Podfile.lock. Run 'pod install' or update your CocoaPods installation.\" >&2\n    exit 1\nfi\n# This output is used by Xcode 'outputs' to avoid re-running this script phase.\necho \"SUCCESS\" > \"${SCRIPT_OUTPUT_FILE_0}\"\n";
			showEnvVarsInLog = 0;
		};
/* End PBXShellScriptBuildPhase section */

/* Begin PBXSourcesBuildPhase section */
		6B1B65A32CB5FB9800815AF3 /* Sources */ = {
			isa = PBXSourcesBuildPhase;
			buildActionMask = 2147483647;
			files = (
				6BC6396D2CB79C5000ECEAA4 /* ReportsViewController.swift in Sources */,
				6BC639712CB7C7C000ECEAA4 /* ReportsViewModel.swift in Sources */,
				6B1B65EB2CB6910300815AF3 /* BaseButton.swift in Sources */,
				6BC639742CB7C81100ECEAA4 /* ReportsModel.swift in Sources */,
				6B1B65AF2CB5FB9800815AF3 /* MenuViewController.swift in Sources */,
				6B1B65B52CB5FB9800815AF3 /* Car_Dealer.xcdatamodeld in Sources */,
				6B1B65D02CB6037500815AF3 /* Font.swift in Sources */,
				6B8C53CA2CB7E882002557E3 /* SettingsViewController.swift in Sources */,
				6B1B65F62CB6A08500815AF3 /* CoreDataManager.swift in Sources */,
				6B1B65F82CB6A5F600815AF3 /* PriceTextField.swift in Sources */,
				6B1B65AB2CB5FB9800815AF3 /* AppDelegate.swift in Sources */,
				6BC639592CB73CAD00ECEAA4 /* CarViewModel.swift in Sources */,
				6BC639552CB71FB400ECEAA4 /* CarViewController.swift in Sources */,
				6B1B65E72CB6880F00815AF3 /* TitleLabel.swift in Sources */,
				6B2654272DD4892600F2C6F4 /* RootViewController.swift in Sources */,
				6B1B65DD2CB682CE00815AF3 /* ShadowView.swift in Sources */,
				6B1B65E92CB6889700815AF3 /* BaseTextField.swift in Sources */,
				6B1B65EE2CB6939C00815AF3 /* CarModel.swift in Sources */,
				6B1B65F12CB69A4500815AF3 /* AddCarViewModel.swift in Sources */,
				6B1B66082CB70E0F00815AF3 /* SaleCarViewController.swift in Sources */,
				6B1B65D92CB6759100815AF3 /* ViewController.swift in Sources */,
				6B1B65AD2CB5FB9800815AF3 /* SceneDelegate.swift in Sources */,
				6B1B65E42CB6849900815AF3 /* AddCarViewController.swift in Sources */,
				6BC6395D2CB7504B00ECEAA4 /* ExpensesTableViewCell.swift in Sources */,
				6B1B66032CB6F4A600815AF3 /* MyCarsViewModel.swift in Sources */,
				6B1B65FC2CB6D78600815AF3 /* CarTableViewCell.swift in Sources */,
				6B1B660C2CB70F9100815AF3 /* SaleCarViewModel.swift in Sources */,
				6BC639602CB766BB00ECEAA4 /* PaddingTextField.swift in Sources */,
				6B1B65DF2CB682E500815AF3 /* UIView.swift in Sources */,
				6BC639762CB7D9EA00ECEAA4 /* Date.swift in Sources */,
				6B1B65F32CB69BB500815AF3 /* String.swift in Sources */,
				6B1B65FF2CB6DF3B00815AF3 /* Double.swift in Sources */,
				6B1B65D62CB6755300815AF3 /* MyCarsViewController.swift in Sources */,
			);
			runOnlyForDeploymentPostprocessing = 0;
		};
/* End PBXSourcesBuildPhase section */

/* Begin PBXVariantGroup section */
		6B1B65B02CB5FB9800815AF3 /* Menu.storyboard */ = {
			isa = PBXVariantGroup;
			children = (
				6B1B65B12CB5FB9800815AF3 /* Base */,
			);
			name = Menu.storyboard;
			sourceTree = "<group>";
		};
		6B1B65B82CB5FB9A00815AF3 /* LaunchScreen.storyboard */ = {
			isa = PBXVariantGroup;
			children = (
				6B1B65B92CB5FB9A00815AF3 /* Base */,
			);
			name = LaunchScreen.storyboard;
			sourceTree = "<group>";
		};
/* End PBXVariantGroup section */

/* Begin XCBuildConfiguration section */
		6B1B65BC2CB5FB9A00815AF3 /* Debug */ = {
			isa = XCBuildConfiguration;
			buildSettings = {
				ALWAYS_SEARCH_USER_PATHS = NO;
				ASSETCATALOG_COMPILER_GENERATE_SWIFT_ASSET_SYMBOL_EXTENSIONS = YES;
				CLANG_ANALYZER_NONNULL = YES;
				CLANG_ANALYZER_NUMBER_OBJECT_CONVERSION = YES_AGGRESSIVE;
				CLANG_CXX_LANGUAGE_STANDARD = "gnu++20";
				CLANG_ENABLE_MODULES = YES;
				CLANG_ENABLE_OBJC_ARC = YES;
				CLANG_ENABLE_OBJC_WEAK = YES;
				CLANG_WARN_BLOCK_CAPTURE_AUTORELEASING = YES;
				CLANG_WARN_BOOL_CONVERSION = YES;
				CLANG_WARN_COMMA = YES;
				CLANG_WARN_CONSTANT_CONVERSION = YES;
				CLANG_WARN_DEPRECATED_OBJC_IMPLEMENTATIONS = YES;
				CLANG_WARN_DIRECT_OBJC_ISA_USAGE = YES_ERROR;
				CLANG_WARN_DOCUMENTATION_COMMENTS = YES;
				CLANG_WARN_EMPTY_BODY = YES;
				CLANG_WARN_ENUM_CONVERSION = YES;
				CLANG_WARN_INFINITE_RECURSION = YES;
				CLANG_WARN_INT_CONVERSION = YES;
				CLANG_WARN_NON_LITERAL_NULL_CONVERSION = YES;
				CLANG_WARN_OBJC_IMPLICIT_RETAIN_SELF = YES;
				CLANG_WARN_OBJC_LITERAL_CONVERSION = YES;
				CLANG_WARN_OBJC_ROOT_CLASS = YES_ERROR;
				CLANG_WARN_QUOTED_INCLUDE_IN_FRAMEWORK_HEADER = YES;
				CLANG_WARN_RANGE_LOOP_ANALYSIS = YES;
				CLANG_WARN_STRICT_PROTOTYPES = YES;
				CLANG_WARN_SUSPICIOUS_MOVE = YES;
				CLANG_WARN_UNGUARDED_AVAILABILITY = YES_AGGRESSIVE;
				CLANG_WARN_UNREACHABLE_CODE = YES;
				CLANG_WARN__DUPLICATE_METHOD_MATCH = YES;
				COPY_PHASE_STRIP = NO;
				DEBUG_INFORMATION_FORMAT = dwarf;
				ENABLE_STRICT_OBJC_MSGSEND = YES;
				ENABLE_TESTABILITY = YES;
				ENABLE_USER_SCRIPT_SANDBOXING = NO;
				GCC_C_LANGUAGE_STANDARD = gnu17;
				GCC_DYNAMIC_NO_PIC = NO;
				GCC_NO_COMMON_BLOCKS = YES;
				GCC_OPTIMIZATION_LEVEL = 0;
				GCC_PREPROCESSOR_DEFINITIONS = (
					"DEBUG=1",
					"$(inherited)",
				);
				GCC_WARN_64_TO_32_BIT_CONVERSION = YES;
				GCC_WARN_ABOUT_RETURN_TYPE = YES_ERROR;
				GCC_WARN_UNDECLARED_SELECTOR = YES;
				GCC_WARN_UNINITIALIZED_AUTOS = YES_AGGRESSIVE;
				GCC_WARN_UNUSED_FUNCTION = YES;
				GCC_WARN_UNUSED_VARIABLE = YES;
				IPHONEOS_DEPLOYMENT_TARGET = 15.0;
				LOCALIZATION_PREFERS_STRING_CATALOGS = YES;
				MTL_ENABLE_DEBUG_INFO = INCLUDE_SOURCE;
				MTL_FAST_MATH = YES;
				ONLY_ACTIVE_ARCH = YES;
				SDKROOT = iphoneos;
				SWIFT_ACTIVE_COMPILATION_CONDITIONS = "DEBUG $(inherited)";
				SWIFT_OPTIMIZATION_LEVEL = "-Onone";
			};
			name = Debug;
		};
		6B1B65BD2CB5FB9A00815AF3 /* Release */ = {
			isa = XCBuildConfiguration;
			buildSettings = {
				ALWAYS_SEARCH_USER_PATHS = NO;
				ASSETCATALOG_COMPILER_GENERATE_SWIFT_ASSET_SYMBOL_EXTENSIONS = YES;
				CLANG_ANALYZER_NONNULL = YES;
				CLANG_ANALYZER_NUMBER_OBJECT_CONVERSION = YES_AGGRESSIVE;
				CLANG_CXX_LANGUAGE_STANDARD = "gnu++20";
				CLANG_ENABLE_MODULES = YES;
				CLANG_ENABLE_OBJC_ARC = YES;
				CLANG_ENABLE_OBJC_WEAK = YES;
				CLANG_WARN_BLOCK_CAPTURE_AUTORELEASING = YES;
				CLANG_WARN_BOOL_CONVERSION = YES;
				CLANG_WARN_COMMA = YES;
				CLANG_WARN_CONSTANT_CONVERSION = YES;
				CLANG_WARN_DEPRECATED_OBJC_IMPLEMENTATIONS = YES;
				CLANG_WARN_DIRECT_OBJC_ISA_USAGE = YES_ERROR;
				CLANG_WARN_DOCUMENTATION_COMMENTS = YES;
				CLANG_WARN_EMPTY_BODY = YES;
				CLANG_WARN_ENUM_CONVERSION = YES;
				CLANG_WARN_INFINITE_RECURSION = YES;
				CLANG_WARN_INT_CONVERSION = YES;
				CLANG_WARN_NON_LITERAL_NULL_CONVERSION = YES;
				CLANG_WARN_OBJC_IMPLICIT_RETAIN_SELF = YES;
				CLANG_WARN_OBJC_LITERAL_CONVERSION = YES;
				CLANG_WARN_OBJC_ROOT_CLASS = YES_ERROR;
				CLANG_WARN_QUOTED_INCLUDE_IN_FRAMEWORK_HEADER = YES;
				CLANG_WARN_RANGE_LOOP_ANALYSIS = YES;
				CLANG_WARN_STRICT_PROTOTYPES = YES;
				CLANG_WARN_SUSPICIOUS_MOVE = YES;
				CLANG_WARN_UNGUARDED_AVAILABILITY = YES_AGGRESSIVE;
				CLANG_WARN_UNREACHABLE_CODE = YES;
				CLANG_WARN__DUPLICATE_METHOD_MATCH = YES;
				COPY_PHASE_STRIP = NO;
				DEBUG_INFORMATION_FORMAT = "dwarf-with-dsym";
				ENABLE_NS_ASSERTIONS = NO;
				ENABLE_STRICT_OBJC_MSGSEND = YES;
				ENABLE_USER_SCRIPT_SANDBOXING = NO;
				GCC_C_LANGUAGE_STANDARD = gnu17;
				GCC_NO_COMMON_BLOCKS = YES;
				GCC_WARN_64_TO_32_BIT_CONVERSION = YES;
				GCC_WARN_ABOUT_RETURN_TYPE = YES_ERROR;
				GCC_WARN_UNDECLARED_SELECTOR = YES;
				GCC_WARN_UNINITIALIZED_AUTOS = YES_AGGRESSIVE;
				GCC_WARN_UNUSED_FUNCTION = YES;
				GCC_WARN_UNUSED_VARIABLE = YES;
				IPHONEOS_DEPLOYMENT_TARGET = 15.0;
				LOCALIZATION_PREFERS_STRING_CATALOGS = YES;
				MTL_ENABLE_DEBUG_INFO = NO;
				MTL_FAST_MATH = YES;
				SDKROOT = iphoneos;
				SWIFT_COMPILATION_MODE = wholemodule;
				VALIDATE_PRODUCT = YES;
			};
			name = Release;
		};
		6B1B65BF2CB5FB9A00815AF3 /* Debug */ = {
			isa = XCBuildConfiguration;
			baseConfigurationReference = 6ACA2CF4942C2AC2F7695A45 /* Pods-Car_Dealer.debug.xcconfig */;
			buildSettings = {
				ASSETCATALOG_COMPILER_APPICON_NAME = AppIcon;
				ASSETCATALOG_COMPILER_GLOBAL_ACCENT_COLOR_NAME = AccentColor;
				CODE_SIGN_STYLE = Automatic;
				CURRENT_PROJECT_VERSION = 1;
				DEVELOPMENT_TEAM = 9YUSQBCAX9;
				GENERATE_INFOPLIST_FILE = YES;
				INFOPLIST_FILE = Car_Dealer/Info.plist;
				INFOPLIST_KEY_UIApplicationSupportsIndirectInputEvents = YES;
				INFOPLIST_KEY_UILaunchStoryboardName = LaunchScreen;
				INFOPLIST_KEY_UIMainStoryboardFile = Menu;
				INFOPLIST_KEY_UISupportedInterfaceOrientations = UIInterfaceOrientationPortrait;
				LD_RUNPATH_SEARCH_PATHS = (
					"$(inherited)",
					"@executable_path/Frameworks",
				);
				MARKETING_VERSION = 1.0;
				PRODUCT_BUNDLE_IDENTIFIER = "Karen.Car-Dealer";
				PRODUCT_NAME = "$(TARGET_NAME)";
				SUPPORTED_PLATFORMS = "iphoneos iphonesimulator";
				SUPPORTS_MACCATALYST = NO;
				SWIFT_EMIT_LOC_STRINGS = YES;
				SWIFT_VERSION = 5.0;
				TARGETED_DEVICE_FAMILY = 1;
			};
			name = Debug;
		};
		6B1B65C02CB5FB9A00815AF3 /* Release */ = {
			isa = XCBuildConfiguration;
			baseConfigurationReference = F998576345B2AC27A783C9B6 /* Pods-Car_Dealer.release.xcconfig */;
			buildSettings = {
				ASSETCATALOG_COMPILER_APPICON_NAME = AppIcon;
				ASSETCATALOG_COMPILER_GLOBAL_ACCENT_COLOR_NAME = AccentColor;
				CODE_SIGN_STYLE = Automatic;
				CURRENT_PROJECT_VERSION = 1;
				DEVELOPMENT_TEAM = 9YUSQBCAX9;
				GENERATE_INFOPLIST_FILE = YES;
				INFOPLIST_FILE = Car_Dealer/Info.plist;
				INFOPLIST_KEY_UIApplicationSupportsIndirectInputEvents = YES;
				INFOPLIST_KEY_UILaunchStoryboardName = LaunchScreen;
				INFOPLIST_KEY_UIMainStoryboardFile = Menu;
				INFOPLIST_KEY_UISupportedInterfaceOrientations = UIInterfaceOrientationPortrait;
				LD_RUNPATH_SEARCH_PATHS = (
					"$(inherited)",
					"@executable_path/Frameworks",
				);
				MARKETING_VERSION = 1.0;
				PRODUCT_BUNDLE_IDENTIFIER = "Karen.Car-Dealer";
				PRODUCT_NAME = "$(TARGET_NAME)";
				SUPPORTED_PLATFORMS = "iphoneos iphonesimulator";
				SUPPORTS_MACCATALYST = NO;
				SWIFT_EMIT_LOC_STRINGS = YES;
				SWIFT_VERSION = 5.0;
				TARGETED_DEVICE_FAMILY = 1;
			};
			name = Release;
		};
/* End XCBuildConfiguration section */

/* Begin XCConfigurationList section */
		6B1B65A22CB5FB9800815AF3 /* Build configuration list for PBXProject "Car_Dealer" */ = {
			isa = XCConfigurationList;
			buildConfigurations = (
				6B1B65BC2CB5FB9A00815AF3 /* Debug */,
				6B1B65BD2CB5FB9A00815AF3 /* Release */,
			);
			defaultConfigurationIsVisible = 0;
			defaultConfigurationName = Release;
		};
		6B1B65BE2CB5FB9A00815AF3 /* Build configuration list for PBXNativeTarget "Car_Dealer" */ = {
			isa = XCConfigurationList;
			buildConfigurations = (
				6B1B65BF2CB5FB9A00815AF3 /* Debug */,
				6B1B65C02CB5FB9A00815AF3 /* Release */,
			);
			defaultConfigurationIsVisible = 0;
			defaultConfigurationName = Release;
		};
/* End XCConfigurationList section */

/* Begin XCVersionGroup section */
		6B1B65B32CB5FB9800815AF3 /* Car_Dealer.xcdatamodeld */ = {
			isa = XCVersionGroup;
			children = (
				6B1B65B42CB5FB9800815AF3 /* Car_Dealer.xcdatamodel */,
			);
			currentVersion = 6B1B65B42CB5FB9800815AF3 /* Car_Dealer.xcdatamodel */;
			path = Car_Dealer.xcdatamodeld;
			sourceTree = "<group>";
			versionGroupType = wrapper.xcdatamodel;
		};
/* End XCVersionGroup section */
	};
	rootObject = 6B1B659F2CB5FB9800815AF3 /* Project object */;
}
